<Solution>
  <Project Path="ConsoleApp4/ConsoleApp4.csproj" />
  <Project Path="Custom Translation/Custom Translation.csproj" Id="e7fccf73-b360-4adf-8ddf-2bf95ea4e28d" />
  <Project Path="Generics,Ienumarable,Delegats/Generics,Ienumarable,Delegats.csproj" Id="23045849-4c16-4fd5-a0be-458ceff33ce0" />
</Solution>
